// !$*UTF8*$!
{
	archiveVersion = 1;
	classes = {
	};
	objectVersion = 50;
	objects = {

/* Begin PBXBuildFile section */
		6341EFD026B71B660050B72F /* APIManager.m in Sources */ = {isa = PBXBuildFile; fileRef = 6341EFCF26B71B660050B72F /* APIManager.m */; };
		6341EFD326B71E280050B72F /* Ticket.m in Sources */ = {isa = PBXBuildFile; fileRef = 6341EFD226B71E280050B72F /* Ticket.m */; };
		6341EFD626B71E8B0050B72F /* TicketsViewController.m in Sources */ = {isa = PBXBuildFile; fileRef = 6341EFD526B71E8B0050B72F /* TicketsViewController.m */; };
		6341EFD926B71ECB0050B72F /* TicketTableViewCell.m in Sources */ = {isa = PBXBuildFile; fileRef = 6341EFD826B71ECB0050B72F /* TicketTableViewCell.m */; };
		6343551C26ADB1B7003AD23C /* PlaceViewController.m in Sources */ = {isa = PBXBuildFile; fileRef = 6343551B26ADB1B7003AD23C /* PlaceViewController.m */; };
		63E813F426A853D5001F1BA6 /* airports.json in Resources */ = {isa = PBXBuildFile; fileRef = 63E813F326A853D5001F1BA6 /* airports.json */; };
		63E813F626A853EE001F1BA6 /* cities.json in Resources */ = {isa = PBXBuildFile; fileRef = 63E813F526A853EE001F1BA6 /* cities.json */; };
		63E813F826A853F6001F1BA6 /* countries.json in Resources */ = {isa = PBXBuildFile; fileRef = 63E813F726A853F6001F1BA6 /* countries.json */; };
		63E813FD26A8578D001F1BA6 /* Country.m in Sources */ = {isa = PBXBuildFile; fileRef = 63E813FC26A8578D001F1BA6 /* Country.m */; };
		63E8140026A857A4001F1BA6 /* City.m in Sources */ = {isa = PBXBuildFile; fileRef = 63E813FF26A857A4001F1BA6 /* City.m */; };
		63E8140326A857B5001F1BA6 /* Airport.m in Sources */ = {isa = PBXBuildFile; fileRef = 63E8140226A857B5001F1BA6 /* Airport.m */; };
		63E8140626A85C08001F1BA6 /* DataManager.m in Sources */ = {isa = PBXBuildFile; fileRef = 63E8140526A85C08001F1BA6 /* DataManager.m */; };
		63EA700D26A83B1F00D3CC65 /* AppDelegate.m in Sources */ = {isa = PBXBuildFile; fileRef = 63EA700C26A83B1F00D3CC65 /* AppDelegate.m */; };
		63EA701026A83B1F00D3CC65 /* SceneDelegate.m in Sources */ = {isa = PBXBuildFile; fileRef = 63EA700F26A83B1F00D3CC65 /* SceneDelegate.m */; };
		63EA701326A83B1F00D3CC65 /* StartViewController.m in Sources */ = {isa = PBXBuildFile; fileRef = 63EA701226A83B1F00D3CC65 /* StartViewController.m */; };
		63EA701826A83B2000D3CC65 /* Assets.xcassets in Resources */ = {isa = PBXBuildFile; fileRef = 63EA701726A83B2000D3CC65 /* Assets.xcassets */; };
		63EA701B26A83B2000D3CC65 /* LaunchScreen.storyboard in Resources */ = {isa = PBXBuildFile; fileRef = 63EA701926A83B2000D3CC65 /* LaunchScreen.storyboard */; };
		63EA701E26A83B2000D3CC65 /* main.m in Sources */ = {isa = PBXBuildFile; fileRef = 63EA701D26A83B2000D3CC65 /* main.m */; };
/* End PBXBuildFile section */

/* Begin PBXFileReference section */
		6341EFCE26B71B660050B72F /* APIManager.h */ = {isa = PBXFileReference; lastKnownFileType = sourcecode.c.h; path = APIManager.h; sourceTree = "<group>"; };
		6341EFCF26B71B660050B72F /* APIManager.m */ = {isa = PBXFileReference; lastKnownFileType = sourcecode.c.objc; path = APIManager.m; sourceTree = "<group>"; };
		6341EFD126B71E270050B72F /* Ticket.h */ = {isa = PBXFileReference; lastKnownFileType = sourcecode.c.h; path = Ticket.h; sourceTree = "<group>"; };
		6341EFD226B71E280050B72F /* Ticket.m */ = {isa = PBXFileReference; lastKnownFileType = sourcecode.c.objc; path = Ticket.m; sourceTree = "<group>"; };
		6341EFD426B71E8B0050B72F /* TicketsViewController.h */ = {isa = PBXFileReference; lastKnownFileType = sourcecode.c.h; path = TicketsViewController.h; sourceTree = "<group>"; };
		6341EFD526B71E8B0050B72F /* TicketsViewController.m */ = {isa = PBXFileReference; lastKnownFileType = sourcecode.c.objc; path = TicketsViewController.m; sourceTree = "<group>"; };
		6341EFD726B71ECB0050B72F /* TicketTableViewCell.h */ = {isa = PBXFileReference; lastKnownFileType = sourcecode.c.h; path = TicketTableViewCell.h; sourceTree = "<group>"; };
		6341EFD826B71ECB0050B72F /* TicketTableViewCell.m */ = {isa = PBXFileReference; lastKnownFileType = sourcecode.c.objc; path = TicketTableViewCell.m; sourceTree = "<group>"; };
		6343551A26ADB1B7003AD23C /* PlaceViewController.h */ = {isa = PBXFileReference; lastKnownFileType = sourcecode.c.h; path = PlaceViewController.h; sourceTree = "<group>"; };
		6343551B26ADB1B7003AD23C /* PlaceViewController.m */ = {isa = PBXFileReference; lastKnownFileType = sourcecode.c.objc; path = PlaceViewController.m; sourceTree = "<group>"; };
		63E813F326A853D5001F1BA6 /* airports.json */ = {isa = PBXFileReference; fileEncoding = 4; lastKnownFileType = text.json; path = airports.json; sourceTree = "<group>"; };
		63E813F526A853EE001F1BA6 /* cities.json */ = {isa = PBXFileReference; fileEncoding = 4; lastKnownFileType = text.json; path = cities.json; sourceTree = "<group>"; };
		63E813F726A853F6001F1BA6 /* countries.json */ = {isa = PBXFileReference; fileEncoding = 4; lastKnownFileType = text.json; path = countries.json; sourceTree = "<group>"; };
		63E813FB26A8578D001F1BA6 /* Country.h */ = {isa = PBXFileReference; lastKnownFileType = sourcecode.c.h; path = Country.h; sourceTree = "<group>"; };
		63E813FC26A8578D001F1BA6 /* Country.m */ = {isa = PBXFileReference; lastKnownFileType = sourcecode.c.objc; path = Country.m; sourceTree = "<group>"; };
		63E813FE26A857A4001F1BA6 /* City.h */ = {isa = PBXFileReference; lastKnownFileType = sourcecode.c.h; path = City.h; sourceTree = "<group>"; };
		63E813FF26A857A4001F1BA6 /* City.m */ = {isa = PBXFileReference; lastKnownFileType = sourcecode.c.objc; path = City.m; sourceTree = "<group>"; };
		63E8140126A857B5001F1BA6 /* Airport.h */ = {isa = PBXFileReference; lastKnownFileType = sourcecode.c.h; path = Airport.h; sourceTree = "<group>"; };
		63E8140226A857B5001F1BA6 /* Airport.m */ = {isa = PBXFileReference; lastKnownFileType = sourcecode.c.objc; path = Airport.m; sourceTree = "<group>"; };
		63E8140426A85C08001F1BA6 /* DataManager.h */ = {isa = PBXFileReference; lastKnownFileType = sourcecode.c.h; path = DataManager.h; sourceTree = "<group>"; };
		63E8140526A85C08001F1BA6 /* DataManager.m */ = {isa = PBXFileReference; lastKnownFileType = sourcecode.c.objc; path = DataManager.m; sourceTree = "<group>"; };
		63EA700826A83B1F00D3CC65 /* AviaSearch.app */ = {isa = PBXFileReference; explicitFileType = wrapper.application; includeInIndex = 0; path = AviaSearch.app; sourceTree = BUILT_PRODUCTS_DIR; };
		63EA700B26A83B1F00D3CC65 /* AppDelegate.h */ = {isa = PBXFileReference; lastKnownFileType = sourcecode.c.h; path = AppDelegate.h; sourceTree = "<group>"; };
		63EA700C26A83B1F00D3CC65 /* AppDelegate.m */ = {isa = PBXFileReference; lastKnownFileType = sourcecode.c.objc; path = AppDelegate.m; sourceTree = "<group>"; };
		63EA700E26A83B1F00D3CC65 /* SceneDelegate.h */ = {isa = PBXFileReference; lastKnownFileType = sourcecode.c.h; path = SceneDelegate.h; sourceTree = "<group>"; };
		63EA700F26A83B1F00D3CC65 /* SceneDelegate.m */ = {isa = PBXFileReference; lastKnownFileType = sourcecode.c.objc; path = SceneDelegate.m; sourceTree = "<group>"; };
		63EA701126A83B1F00D3CC65 /* StartViewController.h */ = {isa = PBXFileReference; lastKnownFileType = sourcecode.c.h; path = StartViewController.h; sourceTree = "<group>"; };
		63EA701226A83B1F00D3CC65 /* StartViewController.m */ = {isa = PBXFileReference; lastKnownFileType = sourcecode.c.objc; path = StartViewController.m; sourceTree = "<group>"; };
		63EA701726A83B2000D3CC65 /* Assets.xcassets */ = {isa = PBXFileReference; lastKnownFileType = folder.assetcatalog; path = Assets.xcassets; sourceTree = "<group>"; };
		63EA701A26A83B2000D3CC65 /* Base */ = {isa = PBXFileReference; lastKnownFileType = file.storyboard; name = Base; path = Base.lproj/LaunchScreen.storyboard; sourceTree = "<group>"; };
		63EA701C26A83B2000D3CC65 /* Info.plist */ = {isa = PBXFileReference; lastKnownFileType = text.plist.xml; path = Info.plist; sourceTree = "<group>"; };
		63EA701D26A83B2000D3CC65 /* main.m */ = {isa = PBXFileReference; lastKnownFileType = sourcecode.c.objc; path = main.m; sourceTree = "<group>"; };
/* End PBXFileReference section */

/* Begin PBXFrameworksBuildPhase section */
		63EA700526A83B1F00D3CC65 /* Frameworks */ = {
			isa = PBXFrameworksBuildPhase;
			buildActionMask = 2147483647;
			files = (
			);
			runOnlyForDeploymentPostprocessing = 0;
		};
/* End PBXFrameworksBuildPhase section */

/* Begin PBXGroup section */
		63E813F926A8540C001F1BA6 /* JSON */ = {
			isa = PBXGroup;
			children = (
				63E813F326A853D5001F1BA6 /* airports.json */,
				63E813F526A853EE001F1BA6 /* cities.json */,
				63E813F726A853F6001F1BA6 /* countries.json */,
			);
			path = JSON;
			sourceTree = "<group>";
		};
		63E813FA26A85737001F1BA6 /* Model */ = {
			isa = PBXGroup;
			children = (
				63E813FB26A8578D001F1BA6 /* Country.h */,
				63E813FC26A8578D001F1BA6 /* Country.m */,
				63E813FE26A857A4001F1BA6 /* City.h */,
				63E813FF26A857A4001F1BA6 /* City.m */,
				63E8140126A857B5001F1BA6 /* Airport.h */,
				63E8140226A857B5001F1BA6 /* Airport.m */,
			);
			path = Model;
			sourceTree = "<group>";
		};
		63EA6FFF26A83B1F00D3CC65 = {
			isa = PBXGroup;
			children = (
				63EA700A26A83B1F00D3CC65 /* AviaSearch */,
				63EA700926A83B1F00D3CC65 /* Products */,
			);
			sourceTree = "<group>";
		};
		63EA700926A83B1F00D3CC65 /* Products */ = {
			isa = PBXGroup;
			children = (
				63EA700826A83B1F00D3CC65 /* AviaSearch.app */,
			);
			name = Products;
			sourceTree = "<group>";
		};
		63EA700A26A83B1F00D3CC65 /* AviaSearch */ = {
			isa = PBXGroup;
			children = (
				63EA700B26A83B1F00D3CC65 /* AppDelegate.h */,
				63EA700C26A83B1F00D3CC65 /* AppDelegate.m */,
				63EA700E26A83B1F00D3CC65 /* SceneDelegate.h */,
				63EA700F26A83B1F00D3CC65 /* SceneDelegate.m */,
				63E813F926A8540C001F1BA6 /* JSON */,
				63E813FA26A85737001F1BA6 /* Model */,
				63EA701126A83B1F00D3CC65 /* StartViewController.h */,
				63EA701226A83B1F00D3CC65 /* StartViewController.m */,
				63EA701726A83B2000D3CC65 /* Assets.xcassets */,
				63EA701926A83B2000D3CC65 /* LaunchScreen.storyboard */,
				63EA701C26A83B2000D3CC65 /* Info.plist */,
				63EA701D26A83B2000D3CC65 /* main.m */,
				63E8140426A85C08001F1BA6 /* DataManager.h */,
				63E8140526A85C08001F1BA6 /* DataManager.m */,
				6343551A26ADB1B7003AD23C /* PlaceViewController.h */,
				6343551B26ADB1B7003AD23C /* PlaceViewController.m */,
				6341EFCE26B71B660050B72F /* APIManager.h */,
				6341EFCF26B71B660050B72F /* APIManager.m */,
				6341EFD126B71E270050B72F /* Ticket.h */,
				6341EFD226B71E280050B72F /* Ticket.m */,
				6341EFD426B71E8B0050B72F /* TicketsViewController.h */,
				6341EFD526B71E8B0050B72F /* TicketsViewController.m */,
				6341EFD726B71ECB0050B72F /* TicketTableViewCell.h */,
				6341EFD826B71ECB0050B72F /* TicketTableViewCell.m */,
			);
			path = AviaSearch;
			sourceTree = "<group>";
		};
/* End PBXGroup section */

/* Begin PBXNativeTarget section */
		63EA700726A83B1F00D3CC65 /* AviaSearch */ = {
			isa = PBXNativeTarget;
			buildConfigurationList = 63EA702126A83B2000D3CC65 /* Build configuration list for PBXNativeTarget "AviaSearch" */;
			buildPhases = (
				63EA700426A83B1F00D3CC65 /* Sources */,
				63EA700526A83B1F00D3CC65 /* Frameworks */,
				63EA700626A83B1F00D3CC65 /* Resources */,
			);
			buildRules = (
			);
			dependencies = (
			);
			name = AviaSearch;
			productName = AviaSearch;
			productReference = 63EA700826A83B1F00D3CC65 /* AviaSearch.app */;
			productType = "com.apple.product-type.application";
		};
/* End PBXNativeTarget section */

/* Begin PBXProject section */
		63EA700026A83B1F00D3CC65 /* Project object */ = {
			isa = PBXProject;
			attributes = {
				LastUpgradeCheck = 1250;
				TargetAttributes = {
					63EA700726A83B1F00D3CC65 = {
						CreatedOnToolsVersion = 12.5.1;
					};
				};
			};
			buildConfigurationList = 63EA700326A83B1F00D3CC65 /* Build configuration list for PBXProject "AviaSearch" */;
			compatibilityVersion = "Xcode 9.3";
			developmentRegion = en;
			hasScannedForEncodings = 0;
			knownRegions = (
				en,
				Base,
			);
			mainGroup = 63EA6FFF26A83B1F00D3CC65;
			productRefGroup = 63EA700926A83B1F00D3CC65 /* Products */;
			projectDirPath = "";
			projectRoot = "";
			targets = (
				63EA700726A83B1F00D3CC65 /* AviaSearch */,
			);
		};
/* End PBXProject section */

/* Begin PBXResourcesBuildPhase section */
		63EA700626A83B1F00D3CC65 /* Resources */ = {
			isa = PBXResourcesBuildPhase;
			buildActionMask = 2147483647;
			files = (
				63E813F626A853EE001F1BA6 /* cities.json in Resources */,
				63EA701B26A83B2000D3CC65 /* LaunchScreen.storyboard in Resources */,
				63EA701826A83B2000D3CC65 /* Assets.xcassets in Resources */,
				63E813F826A853F6001F1BA6 /* countries.json in Resources */,
				63E813F426A853D5001F1BA6 /* airports.json in Resources */,
			);
			runOnlyForDeploymentPostprocessing = 0;
		};
/* End PBXResourcesBuildPhase section */

/* Begin PBXSourcesBuildPhase section */
		63EA700426A83B1F00D3CC65 /* Sources */ = {
			isa = PBXSourcesBuildPhase;
			buildActionMask = 2147483647;
			files = (
				6343551C26ADB1B7003AD23C /* PlaceViewController.m in Sources */,
				63EA701326A83B1F00D3CC65 /* StartViewController.m in Sources */,
				63EA700D26A83B1F00D3CC65 /* AppDelegate.m in Sources */,
				6341EFD926B71ECB0050B72F /* TicketTableViewCell.m in Sources */,
				63E8140326A857B5001F1BA6 /* Airport.m in Sources */,
				6341EFD026B71B660050B72F /* APIManager.m in Sources */,
				6341EFD626B71E8B0050B72F /* TicketsViewController.m in Sources */,
				63E8140026A857A4001F1BA6 /* City.m in Sources */,
				63EA701E26A83B2000D3CC65 /* main.m in Sources */,
				63E8140626A85C08001F1BA6 /* DataManager.m in Sources */,
				6341EFD326B71E280050B72F /* Ticket.m in Sources */,
				63EA701026A83B1F00D3CC65 /* SceneDelegate.m in Sources */,
				63E813FD26A8578D001F1BA6 /* Country.m in Sources */,
			);
			runOnlyForDeploymentPostprocessing = 0;
		};
/* End PBXSourcesBuildPhase section */

/* Begin PBXVariantGroup section */
		63EA701926A83B2000D3CC65 /* LaunchScreen.storyboard */ = {
			isa = PBXVariantGroup;
			children = (
				63EA701A26A83B2000D3CC65 /* Base */,
			);
			name = LaunchScreen.storyboard;
			sourceTree = "<group>";
		};
/* End PBXVariantGroup section */

/* Begin XCBuildConfiguration section */
		63EA701F26A83B2000D3CC65 /* Debug */ = {
			isa = XCBuildConfiguration;
			buildSettings = {
				ALWAYS_SEARCH_USER_PATHS = NO;
				CLANG_ANALYZER_NONNULL = YES;
				CLANG_ANALYZER_NUMBER_OBJECT_CONVERSION = YES_AGGRESSIVE;
				CLANG_CXX_LANGUAGE_STANDARD = "gnu++14";
				CLANG_CXX_LIBRARY = "libc++";
				CLANG_ENABLE_MODULES = YES;
				CLANG_ENABLE_OBJC_ARC = YES;
				CLANG_ENABLE_OBJC_WEAK = YES;
				CLANG_WARN_BLOCK_CAPTURE_AUTORELEASING = YES;
				CLANG_WARN_BOOL_CONVERSION = YES;
				CLANG_WARN_COMMA = YES;
				CLANG_WARN_CONSTANT_CONVERSION = YES;
				CLANG_WARN_DEPRECATED_OBJC_IMPLEMENTATIONS = YES;
				CLANG_WARN_DIRECT_OBJC_ISA_USAGE = YES_ERROR;
				CLANG_WARN_DOCUMENTATION_COMMENTS = YES;
				CLANG_WARN_EMPTY_BODY = YES;
				CLANG_WARN_ENUM_CONVERSION = YES;
				CLANG_WARN_INFINITE_RECURSION = YES;
				CLANG_WARN_INT_CONVERSION = YES;
				CLANG_WARN_NON_LITERAL_NULL_CONVERSION = YES;
				CLANG_WARN_OBJC_IMPLICIT_RETAIN_SELF = YES;
				CLANG_WARN_OBJC_LITERAL_CONVERSION = YES;
				CLANG_WARN_OBJC_ROOT_CLASS = YES_ERROR;
				CLANG_WARN_QUOTED_INCLUDE_IN_FRAMEWORK_HEADER = YES;
				CLANG_WARN_RANGE_LOOP_ANALYSIS = YES;
				CLANG_WARN_STRICT_PROTOTYPES = YES;
				CLANG_WARN_SUSPICIOUS_MOVE = YES;
				CLANG_WARN_UNGUARDED_AVAILABILITY = YES_AGGRESSIVE;
				CLANG_WARN_UNREACHABLE_CODE = YES;
				CLANG_WARN__DUPLICATE_METHOD_MATCH = YES;
				COPY_PHASE_STRIP = NO;
				DEBUG_INFORMATION_FORMAT = dwarf;
				ENABLE_STRICT_OBJC_MSGSEND = YES;
				ENABLE_TESTABILITY = YES;
				GCC_C_LANGUAGE_STANDARD = gnu11;
				GCC_DYNAMIC_NO_PIC = NO;
				GCC_NO_COMMON_BLOCKS = YES;
				GCC_OPTIMIZATION_LEVEL = 0;
				GCC_PREPROCESSOR_DEFINITIONS = (
					"DEBUG=1",
					"$(inherited)",
				);
				GCC_WARN_64_TO_32_BIT_CONVERSION = YES;
				GCC_WARN_ABOUT_RETURN_TYPE = YES_ERROR;
				GCC_WARN_UNDECLARED_SELECTOR = YES;
				GCC_WARN_UNINITIALIZED_AUTOS = YES_AGGRESSIVE;
				GCC_WARN_UNUSED_FUNCTION = YES;
				GCC_WARN_UNUSED_VARIABLE = YES;
				IPHONEOS_DEPLOYMENT_TARGET = 14.5;
				MTL_ENABLE_DEBUG_INFO = INCLUDE_SOURCE;
				MTL_FAST_MATH = YES;
				ONLY_ACTIVE_ARCH = YES;
				SDKROOT = iphoneos;
			};
			name = Debug;
		};
		63EA702026A83B2000D3CC65 /* Release */ = {
			isa = XCBuildConfiguration;
			buildSettings = {
				ALWAYS_SEARCH_USER_PATHS = NO;
				CLANG_ANALYZER_NONNULL = YES;
				CLANG_ANALYZER_NUMBER_OBJECT_CONVERSION = YES_AGGRESSIVE;
				CLANG_CXX_LANGUAGE_STANDARD = "gnu++14";
				CLANG_CXX_LIBRARY = "libc++";
				CLANG_ENABLE_MODULES = YES;
				CLANG_ENABLE_OBJC_ARC = YES;
				CLANG_ENABLE_OBJC_WEAK = YES;
				CLANG_WARN_BLOCK_CAPTURE_AUTORELEASING = YES;
				CLANG_WARN_BOOL_CONVERSION = YES;
				CLANG_WARN_COMMA = YES;
				CLANG_WARN_CONSTANT_CONVERSION = YES;
				CLANG_WARN_DEPRECATED_OBJC_IMPLEMENTATIONS = YES;
				CLANG_WARN_DIRECT_OBJC_ISA_USAGE = YES_ERROR;
				CLANG_WARN_DOCUMENTATION_COMMENTS = YES;
				CLANG_WARN_EMPTY_BODY = YES;
				CLANG_WARN_ENUM_CONVERSION = YES;
				CLANG_WARN_INFINITE_RECURSION = YES;
				CLANG_WARN_INT_CONVERSION = YES;
				CLANG_WARN_NON_LITERAL_NULL_CONVERSION = YES;
				CLANG_WARN_OBJC_IMPLICIT_RETAIN_SELF = YES;
				CLANG_WARN_OBJC_LITERAL_CONVERSION = YES;
				CLANG_WARN_OBJC_ROOT_CLASS = YES_ERROR;
				CLANG_WARN_QUOTED_INCLUDE_IN_FRAMEWORK_HEADER = YES;
				CLANG_WARN_RANGE_LOOP_ANALYSIS = YES;
				CLANG_WARN_STRICT_PROTOTYPES = YES;
				CLANG_WARN_SUSPICIOUS_MOVE = YES;
				CLANG_WARN_UNGUARDED_AVAILABILITY = YES_AGGRESSIVE;
				CLANG_WARN_UNREACHABLE_CODE = YES;
				CLANG_WARN__DUPLICATE_METHOD_MATCH = YES;
				COPY_PHASE_STRIP = NO;
				DEBUG_INFORMATION_FORMAT = "dwarf-with-dsym";
				ENABLE_NS_ASSERTIONS = NO;
				ENABLE_STRICT_OBJC_MSGSEND = YES;
				GCC_C_LANGUAGE_STANDARD = gnu11;
				GCC_NO_COMMON_BLOCKS = YES;
				GCC_WARN_64_TO_32_BIT_CONVERSION = YES;
				GCC_WARN_ABOUT_RETURN_TYPE = YES_ERROR;
				GCC_WARN_UNDECLARED_SELECTOR = YES;
				GCC_WARN_UNINITIALIZED_AUTOS = YES_AGGRESSIVE;
				GCC_WARN_UNUSED_FUNCTION = YES;
				GCC_WARN_UNUSED_VARIABLE = YES;
				IPHONEOS_DEPLOYMENT_TARGET = 14.5;
				MTL_ENABLE_DEBUG_INFO = NO;
				MTL_FAST_MATH = YES;
				SDKROOT = iphoneos;
				VALIDATE_PRODUCT = YES;
			};
			name = Release;
		};
		63EA702226A83B2000D3CC65 /* Debug */ = {
			isa = XCBuildConfiguration;
			buildSettings = {
				ASSETCATALOG_COMPILER_APPICON_NAME = AppIcon;
				ASSETCATALOG_COMPILER_GLOBAL_ACCENT_COLOR_NAME = AccentColor;
				CODE_SIGN_STYLE = Automatic;
				DEVELOPMENT_TEAM = QPNAA454T2;
				INFOPLIST_FILE = AviaSearch/Info.plist;
				LD_RUNPATH_SEARCH_PATHS = (
					"$(inherited)",
					"@executable_path/Frameworks",
				);
				PRODUCT_BUNDLE_IDENTIFIER = AviaSearch.AviaSearch;
				PRODUCT_NAME = "$(TARGET_NAME)";
				TARGETED_DEVICE_FAMILY = "1,2";
			};
			name = Debug;
		};
		63EA702326A83B2000D3CC65 /* Release */ = {
			isa = XCBuildConfiguration;
			buildSettings = {
				ASSETCATALOG_COMPILER_APPICON_NAME = AppIcon;
				ASSETCATALOG_COMPILER_GLOBAL_ACCENT_COLOR_NAME = AccentColor;
				CODE_SIGN_STYLE = Automatic;
				DEVELOPMENT_TEAM = QPNAA454T2;
				INFOPLIST_FILE = AviaSearch/Info.plist;
				LD_RUNPATH_SEARCH_PATHS = (
					"$(inherited)",
					"@executable_path/Frameworks",
				);
				PRODUCT_BUNDLE_IDENTIFIER = AviaSearch.AviaSearch;
				PRODUCT_NAME = "$(TARGET_NAME)";
				TARGETED_DEVICE_FAMILY = "1,2";
			};
			name = Release;
		};
/* End XCBuildConfiguration section */

/* Begin XCConfigurationList section */
		63EA700326A83B1F00D3CC65 /* Build configuration list for PBXProject "AviaSearch" */ = {
			isa = XCConfigurationList;
			buildConfigurations = (
				63EA701F26A83B2000D3CC65 /* Debug */,
				63EA702026A83B2000D3CC65 /* Release */,
			);
			defaultConfigurationIsVisible = 0;
			defaultConfigurationName = Release;
		};
		63EA702126A83B2000D3CC65 /* Build configuration list for PBXNativeTarget "AviaSearch" */ = {
			isa = XCConfigurationList;
			buildConfigurations = (
				63EA702226A83B2000D3CC65 /* Debug */,
				63EA702326A83B2000D3CC65 /* Release */,
			);
			defaultConfigurationIsVisible = 0;
			defaultConfigurationName = Release;
		};
/* End XCConfigurationList section */
	};
	rootObject = 63EA700026A83B1F00D3CC65 /* Project object */;
}
